# THIS IS AN AUTOGENERATED FILE. DO NOT EDIT THIS FILE DIRECTLY.
# yarn lockfile v1


"@types/ms@^0.7.30":
  version "0.7.30"
  resolved "https://registry.yarnpkg.com/@types/ms/-/ms-0.7.30.tgz#f6c38b7ecbbf698b0bbd138315a0f0f18954f85f"

"@types/node@*":
  version "8.0.44"
  resolved "https://registry.yarnpkg.com/@types/node/-/node-8.0.44.tgz#5c39800fda4b76dab39a5f28fda676fc500015ac"

"@types/node@^9.6.0":
  version "9.6.0"
  resolved "https://registry.yarnpkg.com/@types/node/-/node-9.6.0.tgz#d3480ee666df9784b1001a1872a2f6ccefb6c2d7"

"@types/ramda@^0.25.20":
  version "0.25.20"
  resolved "https://registry.yarnpkg.com/@types/ramda/-/ramda-0.25.20.tgz#d95056b3ef221bc05993fa9f4e6a22031a033936"

"@types/ws@^3.2.0":
  version "3.2.0"
  resolved "https://registry.yarnpkg.com/@types/ws/-/ws-3.2.0.tgz#988ff690e6ed10068a86aa0e9f842d0a03c09e21"
  dependencies:
    "@types/node" "*"

async-limiter@~1.0.0:
  version "1.0.0"
  resolved "https://registry.yarnpkg.com/async-limiter/-/async-limiter-1.0.0.tgz#78faed8c3d074ab81f22b4e985d79e8738f720f8"

jazz-func@^0.4.0:
  version "0.4.0"
  resolved "https://registry.yarnpkg.com/jazz-func/-/jazz-func-0.4.0.tgz#003c06dab493f86e77eb33eeef424772bf6fd354"

ms@^2.1.1:
  version "2.1.1"
  resolved "https://registry.yarnpkg.com/ms/-/ms-2.1.1.tgz#30a5864eb3ebb0a66f2ebe6d727af06a09d86e0a"

ramda@^0.25.0:
  version "0.25.0"
  resolved "https://registry.yarnpkg.com/ramda/-/ramda-0.25.0.tgz#8fdf68231cffa90bc2f9460390a0cb74a29b29a9"

rxjs@^5.4.3:
  version "5.4.3"
  resolved "https://registry.yarnpkg.com/rxjs/-/rxjs-5.4.3.tgz#0758cddee6033d68e0fd53676f0f3596ce3d483f"
  dependencies:
    symbol-observable "^1.0.1"

safe-buffer@~5.1.0:
  version "5.1.1"
  resolved "https://registry.yarnpkg.com/safe-buffer/-/safe-buffer-5.1.1.tgz#893312af69b2123def71f57889001671eeb2c853"

symbol-observable@^1.0.1:
  version "1.0.4"
  resolved "https://registry.yarnpkg.com/symbol-observable/-/symbol-observable-1.0.4.tgz#29bf615d4aa7121bdd898b22d4b3f9bc4e2aa03d"

typescript@^2.5.2:
  version "2.5.3"
  resolved "https://registry.yarnpkg.com/typescript/-/typescript-2.5.3.tgz#df3dcdc38f3beb800d4bc322646b04a3f6ca7f0d"

ultron@~1.1.0:
  version "1.1.0"
  resolved "https://registry.yarnpkg.com/ultron/-/ultron-1.1.0.tgz#b07a2e6a541a815fc6a34ccd4533baec307ca864"

ws@^3.2.0:
  version "3.2.0"
  resolved "https://registry.yarnpkg.com/ws/-/ws-3.2.0.tgz#d5d3d6b11aff71e73f808f40cc69d52bb6d4a185"
  dependencies:
    async-limiter "~1.0.0"
    safe-buffer "~5.1.0"
    ultron "~1.1.0"
