# THIS IS AN AUTOGENERATED FILE. DO NOT EDIT THIS FILE DIRECTLY.
# yarn lockfile v1


"@types/ramda@ts2.1":
  version "0.0.2"
  resolved "https://registry.yarnpkg.com/@types/ramda/-/ramda-0.0.2.tgz#04e9b560b118eaf48542945ef9b2701c3f9832e3"

ms@^0.7.3:
  version "0.7.3"
  resolved "https://registry.yarnpkg.com/ms/-/ms-0.7.3.tgz#708155a5e44e33f5fd0fc53e81d0d40a91be1fff"

options@>=0.0.5:
  version "0.0.6"
  resolved "https://registry.yarnpkg.com/options/-/options-0.0.6.tgz#ec22d312806bb53e731773e7cdaefcf1c643128f"

ramda@^0.22.1:
  version "0.22.1"
  resolved "https://registry.yarnpkg.com/ramda/-/ramda-0.22.1.tgz#031da0c3df417c5b33c96234757eb37033f36a0e"

rxjs@^5.0.2:
  version "5.0.3"
  resolved "https://registry.yarnpkg.com/rxjs/-/rxjs-5.0.3.tgz#fc8bdf464ebf938812748e4196788f392fef9754"
  dependencies:
    symbol-observable "^1.0.1"

symbol-observable@^1.0.1:
  version "1.0.4"
  resolved "https://registry.yarnpkg.com/symbol-observable/-/symbol-observable-1.0.4.tgz#29bf615d4aa7121bdd898b22d4b3f9bc4e2aa03d"

typescript@^2.1.4:
  version "2.1.4"
  resolved "https://registry.yarnpkg.com/typescript/-/typescript-2.1.4.tgz#b53b69fb841126acb1dd4b397d21daba87572251"

ultron@1.0.x:
  version "1.0.2"
  resolved "https://registry.yarnpkg.com/ultron/-/ultron-1.0.2.tgz#ace116ab557cd197386a4e88f4685378c8b2e4fa"

ws@^1.1.1:
  version "1.1.1"
  resolved "https://registry.yarnpkg.com/ws/-/ws-1.1.1.tgz#082ddb6c641e85d4bb451f03d52f06eabdb1f018"
  dependencies:
    options ">=0.0.5"
    ultron "1.0.x"
